
Microsoft Visual Studio Solution File, Format Version 12.00
# Visual Studio 15
VisualStudioVersion = 15.0.27703.2018
MinimumVisualStudioVersion = 10.0.40219.1
Project("{FAE04EC0-301F-11D3-BF4B-00C04F79EFBC}") = "Tcc.DayHappy.DAL", "Tcc.DayHappy.DAL\Tcc.DayHappy.DAL.csproj", "{8E081C05-8D52-4E9E-8C13-7CA7DB0D13B6}"
EndProject
Global
	GlobalSection(SolutionConfigurationPlatforms) = preSolution
		Debug|Any CPU = Debug|Any CPU
		Release|Any CPU = Release|Any CPU
	EndGlobalSection
	GlobalSection(ProjectConfigurationPlatforms) = postSolution
		{8E081C05-8D52-4E9E-8C13-7CA7DB0D13B6}.Debug|Any CPU.ActiveCfg = Debug|Any CPU
		{8E081C05-8D52-4E9E-8C13-7CA7DB0D13B6}.Debug|Any CPU.Build.0 = Debug|Any CPU
		{8E081C05-8D52-4E9E-8C13-7CA7DB0D13B6}.Release|Any CPU.ActiveCfg = Release|Any CPU
		{8E081C05-8D52-4E9E-8C13-7CA7DB0D13B6}.Release|Any CPU.Build.0 = Release|Any CPU
	EndGlobalSection
	GlobalSection(SolutionProperties) = preSolution
		HideSolutionNode = FALSE
	EndGlobalSection
	GlobalSection(ExtensibilityGlobals) = postSolution
		SolutionGuid = {25A2E4BB-D706-4EB4-9308-E4E21EB6628D}
	EndGlobalSection
EndGlobal
